// !$*UTF8*$!
{
	archiveVersion = 1;
	classes = {
	};
	objectVersion = 50;
	objects = {

/* Begin PBXBuildFile section */
		F664EE7C24B2A0BD003C8667 /* AppDelegate.swift in Sources */ = {isa = PBXBuildFile; fileRef = F664EE7B24B2A0BD003C8667 /* AppDelegate.swift */; };
		F664EE7E24B2A0BD003C8667 /* SceneDelegate.swift in Sources */ = {isa = PBXBuildFile; fileRef = F664EE7D24B2A0BD003C8667 /* SceneDelegate.swift */; };
		F664EE8024B2A0BD003C8667 /* ContentView.swift in Sources */ = {isa = PBXBuildFile; fileRef = F664EE7F24B2A0BD003C8667 /* ContentView.swift */; };
		F664EE8224B2A0C1003C8667 /* Assets.xcassets in Resources */ = {isa = PBXBuildFile; fileRef = F664EE8124B2A0C1003C8667 /* Assets.xcassets */; };
		F664EE8524B2A0C1003C8667 /* Preview Assets.xcassets in Resources */ = {isa = PBXBuildFile; fileRef = F664EE8424B2A0C1003C8667 /* Preview Assets.xcassets */; };
		F664EE8824B2A0C1003C8667 /* LaunchScreen.storyboard in Resources */ = {isa = PBXBuildFile; fileRef = F664EE8624B2A0C1003C8667 /* LaunchScreen.storyboard */; };
/* End PBXBuildFile section */

/* Begin PBXFileReference section */
		F664EE7824B2A0BD003C8667 /* broken.app */ = {isa = PBXFileReference; explicitFileType = wrapper.application; includeInIndex = 0; path = broken.app; sourceTree = BUILT_PRODUCTS_DIR; };
		F664EE7B24B2A0BD003C8667 /* AppDelegate.swift */ = {isa = PBXFileReference; lastKnownFileType = sourcecode.swift; path = AppDelegate.swift; sourceTree = "<group>"; };
		F664EE7D24B2A0BD003C8667 /* SceneDelegate.swift */ = {isa = PBXFileReference; lastKnownFileType = sourcecode.swift; path = SceneDelegate.swift; sourceTree = "<group>"; };
		F664EE7F24B2A0BD003C8667 /* ContentView.swift */ = {isa = PBXFileReference; lastKnownFileType = sourcecode.swift; path = ContentView.swift; sourceTree = "<group>"; };
		F664EE8124B2A0C1003C8667 /* Assets.xcassets */ = {isa = PBXFileReference; lastKnownFileType = folder.assetcatalog; path = Assets.xcassets; sourceTree = "<group>"; };
		F664EE8424B2A0C1003C8667 /* Preview Assets.xcassets */ = {isa = PBXFileReference; lastKnownFileType = folder.assetcatalog; path = "Preview Assets.xcassets"; sourceTree = "<group>"; };
		F664EE8724B2A0C1003C8667 /* Base */ = {isa = PBXFileReference; lastKnownFileType = file.storyboard; name = Base; path = Base.lproj/LaunchScreen.storyboard; sourceTree = "<group>"; };
		F664EE8924B2A0C1003C8667 /* Info.plist */ = {isa = PBXFileReference; lastKnownFileType = text.plist.xml; path = Info.plist; sourceTree = "<group>"; };
/* End PBXFileReference section */

/* Begin PBXFrameworksBuildPhase section */
		F664EE7524B2A0BD003C8667 /* Frameworks */ = {
			isa = PBXFrameworksBuildPhase;
			buildActionMask = 2147483647;
			files = (
			);
			runOnlyForDeploymentPostprocessing = 0;
		};
/* End PBXFrameworksBuildPhase section */

/* Begin PBXGroup section */
		F664EE6F24B2A0BD003C8667 = {
			isa = PBXGroup;
			children = (
				F664EE7A24B2A0BD003C8667 /* broken */,
				F664EE7924B2A0BD003C8667 /* Products */,
			);
			sourceTree = "<group>";
		};
		F664EE7924B2A0BD003C8667 /* Products */ = {
			isa = PBXGroup;
			children = (
				F664EE7824B2A0BD003C8667 /* broken.app */,
			);
			name = Products;
			sourceTree = "<group>";
		};
		F664EE7A24B2A0BD003C8667 /* broken */ = {
			isa = PBXGroup;
			children = (
				F664EE7B24B2A0BD003C8667 /* AppDelegate.swift */,
				F664EE7D24B2A0BD003C8667 /* SceneDelegate.swift */,
				F664EE7F24B2A0BD003C8667 /* ContentView.swift */,
				F664EE8124B2A0C1003C8667 /* Assets.xcassets */,
				F664EE8624B2A0C1003C8667 /* LaunchScreen.storyboard */,
				F664EE8924B2A0C1003C8667 /* Info.plist */,
				F664EE8324B2A0C1003C8667 /* Preview Content */,
			);
			path = broken;
			sourceTree = "<group>";
		};
		F664EE8324B2A0C1003C8667 /* Preview Content */ = {
			isa = PBXGroup;
			children = (
				F664EE8424B2A0C1003C8667 /* Preview Assets.xcassets */,
			);
			path = "Preview Content";
			sourceTree = "<group>";
		};
/* End PBXGroup section */

/* Begin PBXNativeTarget section */
		F664EE7724B2A0BD003C8667 /* broken */ = {
			isa = PBXNativeTarget;
			buildConfigurationList = F664EE8C24B2A0C1003C8667 /* Build configuration list for PBXNativeTarget "broken" */;
			buildPhases = (
				F664EE7424B2A0BD003C8667 /* Sources */,
				F664EE7524B2A0BD003C8667 /* Frameworks */,
				F664EE7624B2A0BD003C8667 /* Resources */,
			);
			buildRules = (
			);
			dependencies = (
			);
			name = broken;
			productName = broken;
			productReference = F664EE7824B2A0BD003C8667 /* broken.app */;
			productType = "com.apple.product-type.application";
		};
/* End PBXNativeTarget section */

/* Begin PBXProject section */
		F664EE7024B2A0BD003C8667 /* Project object */ = {
			isa = PBXProject;
			attributes = {
				LastSwiftUpdateCheck = 1140;
				LastUpgradeCheck = 1140;
				ORGANIZATIONNAME = twodayslate;
				TargetAttributes = {
					F664EE7724B2A0BD003C8667 = {
						CreatedOnToolsVersion = 11.4.1;
					};
				};
			};
			buildConfigurationList = F664EE7324B2A0BD003C8667 /* Build configuration list for PBXProject "broken" */;
			compatibilityVersion = "Xcode 9.3";
			developmentRegion = en;
			hasScannedForEncodings = 0;
			knownRegions = (
				en,
				Base,
			);
			mainGroup = F664EE6F24B2A0BD003C8667;
			productRefGroup = F664EE7924B2A0BD003C8667 /* Products */;
			projectDirPath = "";
			projectRoot = "";
			targets = (
				F664EE7724B2A0BD003C8667 /* broken */,
			);
		};
/* End PBXProject section */

/* Begin PBXResourcesBuildPhase section */
		F664EE7624B2A0BD003C8667 /* Resources */ = {
			isa = PBXResourcesBuildPhase;
			buildActionMask = 2147483647;
			files = (
				F664EE8824B2A0C1003C8667 /* LaunchScreen.storyboard in Resources */,
				F664EE8524B2A0C1003C8667 /* Preview Assets.xcassets in Resources */,
				F664EE8224B2A0C1003C8667 /* Assets.xcassets in Resources */,
			);
			runOnlyForDeploymentPostprocessing = 0;
		};
/* End PBXResourcesBuildPhase section */

/* Begin PBXSourcesBuildPhase section */
		F664EE7424B2A0BD003C8667 /* Sources */ = {
			isa = PBXSourcesBuildPhase;
			buildActionMask = 2147483647;
			files = (
				F664EE7C24B2A0BD003C8667 /* AppDelegate.swift in Sources */,
				F664EE7E24B2A0BD003C8667 /* SceneDelegate.swift in Sources */,
				F664EE8024B2A0BD003C8667 /* ContentView.swift in Sources */,
			);
			runOnlyForDeploymentPostprocessing = 0;
		};
/* End PBXSourcesBuildPhase section */

/* Begin PBXVariantGroup section */
		F664EE8624B2A0C1003C8667 /* LaunchScreen.storyboard */ = {
			isa = PBXVariantGroup;
			children = (
				F664EE8724B2A0C1003C8667 /* Base */,
			);
			name = LaunchScreen.storyboard;
			sourceTree = "<group>";
		};
/* End PBXVariantGroup section */

/* Begin XCBuildConfiguration section */
		F664EE8A24B2A0C1003C8667 /* Debug */ = {
			isa = XCBuildConfiguration;
			buildSettings = {
				ALWAYS_SEARCH_USER_PATHS = NO;
				CLANG_ANALYZER_NONNULL = YES;
				CLANG_ANALYZER_NUMBER_OBJECT_CONVERSION = YES_AGGRESSIVE;
				CLANG_CXX_LANGUAGE_STANDARD = "gnu++14";
				CLANG_CXX_LIBRARY = "libc++";
				CLANG_ENABLE_MODULES = YES;
				CLANG_ENABLE_OBJC_ARC = YES;
				CLANG_ENABLE_OBJC_WEAK = YES;
				CLANG_WARN_BLOCK_CAPTURE_AUTORELEASING = YES;
				CLANG_WARN_BOOL_CONVERSION = YES;
				CLANG_WARN_COMMA = YES;
				CLANG_WARN_CONSTANT_CONVERSION = YES;
				CLANG_WARN_DEPRECATED_OBJC_IMPLEMENTATIONS = YES;
				CLANG_WARN_DIRECT_OBJC_ISA_USAGE = YES_ERROR;
				CLANG_WARN_DOCUMENTATION_COMMENTS = YES;
				CLANG_WARN_EMPTY_BODY = YES;
				CLANG_WARN_ENUM_CONVERSION = YES;
				CLANG_WARN_INFINITE_RECURSION = YES;
				CLANG_WARN_INT_CONVERSION = YES;
				CLANG_WARN_NON_LITERAL_NULL_CONVERSION = YES;
				CLANG_WARN_OBJC_IMPLICIT_RETAIN_SELF = YES;
				CLANG_WARN_OBJC_LITERAL_CONVERSION = YES;
				CLANG_WARN_OBJC_ROOT_CLASS = YES_ERROR;
				CLANG_WARN_RANGE_LOOP_ANALYSIS = YES;
				CLANG_WARN_STRICT_PROTOTYPES = YES;
				CLANG_WARN_SUSPICIOUS_MOVE = YES;
				CLANG_WARN_UNGUARDED_AVAILABILITY = YES_AGGRESSIVE;
				CLANG_WARN_UNREACHABLE_CODE = YES;
				CLANG_WARN__DUPLICATE_METHOD_MATCH = YES;
				COPY_PHASE_STRIP = NO;
				DEBUG_INFORMATION_FORMAT = dwarf;
				ENABLE_STRICT_OBJC_MSGSEND = YES;
				ENABLE_TESTABILITY = YES;
				GCC_C_LANGUAGE_STANDARD = gnu11;
				GCC_DYNAMIC_NO_PIC = NO;
				GCC_NO_COMMON_BLOCKS = YES;
				GCC_OPTIMIZATION_LEVEL = 0;
				GCC_PREPROCESSOR_DEFINITIONS = (
					"DEBUG=1",
					"$(inherited)",
				);
				GCC_WARN_64_TO_32_BIT_CONVERSION = YES;
				GCC_WARN_ABOUT_RETURN_TYPE = YES_ERROR;
				GCC_WARN_UNDECLARED_SELECTOR = YES;
				GCC_WARN_UNINITIALIZED_AUTOS = YES_AGGRESSIVE;
				GCC_WARN_UNUSED_FUNCTION = YES;
				GCC_WARN_UNUSED_VARIABLE = YES;
				IPHONEOS_DEPLOYMENT_TARGET = 13.4;
				MTL_ENABLE_DEBUG_INFO = INCLUDE_SOURCE;
				MTL_FAST_MATH = YES;
				ONLY_ACTIVE_ARCH = YES;
				SDKROOT = iphoneos;
				SWIFT_ACTIVE_COMPILATION_CONDITIONS = DEBUG;
				SWIFT_OPTIMIZATION_LEVEL = "-Onone";
			};
			name = Debug;
		};
		F664EE8B24B2A0C1003C8667 /* Release */ = {
			isa = XCBuildConfiguration;
			buildSettings = {
				ALWAYS_SEARCH_USER_PATHS = NO;
				CLANG_ANALYZER_NONNULL = YES;
				CLANG_ANALYZER_NUMBER_OBJECT_CONVERSION = YES_AGGRESSIVE;
				CLANG_CXX_LANGUAGE_STANDARD = "gnu++14";
				CLANG_CXX_LIBRARY = "libc++";
				CLANG_ENABLE_MODULES = YES;
				CLANG_ENABLE_OBJC_ARC = YES;
				CLANG_ENABLE_OBJC_WEAK = YES;
				CLANG_WARN_BLOCK_CAPTURE_AUTORELEASING = YES;
				CLANG_WARN_BOOL_CONVERSION = YES;
				CLANG_WARN_COMMA = YES;
				CLANG_WARN_CONSTANT_CONVERSION = YES;
				CLANG_WARN_DEPRECATED_OBJC_IMPLEMENTATIONS = YES;
				CLANG_WARN_DIRECT_OBJC_ISA_USAGE = YES_ERROR;
				CLANG_WARN_DOCUMENTATION_COMMENTS = YES;
				CLANG_WARN_EMPTY_BODY = YES;
				CLANG_WARN_ENUM_CONVERSION = YES;
				CLANG_WARN_INFINITE_RECURSION = YES;
				CLANG_WARN_INT_CONVERSION = YES;
				CLANG_WARN_NON_LITERAL_NULL_CONVERSION = YES;
				CLANG_WARN_OBJC_IMPLICIT_RETAIN_SELF = YES;
				CLANG_WARN_OBJC_LITERAL_CONVERSION = YES;
				CLANG_WARN_OBJC_ROOT_CLASS = YES_ERROR;
				CLANG_WARN_RANGE_LOOP_ANALYSIS = YES;
				CLANG_WARN_STRICT_PROTOTYPES = YES;
				CLANG_WARN_SUSPICIOUS_MOVE = YES;
				CLANG_WARN_UNGUARDED_AVAILABILITY = YES_AGGRESSIVE;
				CLANG_WARN_UNREACHABLE_CODE = YES;
				CLANG_WARN__DUPLICATE_METHOD_MATCH = YES;
				COPY_PHASE_STRIP = NO;
				DEBUG_INFORMATION_FORMAT = "dwarf-with-dsym";
				ENABLE_NS_ASSERTIONS = NO;
				ENABLE_STRICT_OBJC_MSGSEND = YES;
				GCC_C_LANGUAGE_STANDARD = gnu11;
				GCC_NO_COMMON_BLOCKS = YES;
				GCC_WARN_64_TO_32_BIT_CONVERSION = YES;
				GCC_WARN_ABOUT_RETURN_TYPE = YES_ERROR;
				GCC_WARN_UNDECLARED_SELECTOR = YES;
				GCC_WARN_UNINITIALIZED_AUTOS = YES_AGGRESSIVE;
				GCC_WARN_UNUSED_FUNCTION = YES;
				GCC_WARN_UNUSED_VARIABLE = YES;
				IPHONEOS_DEPLOYMENT_TARGET = 13.4;
				MTL_ENABLE_DEBUG_INFO = NO;
				MTL_FAST_MATH = YES;
				SDKROOT = iphoneos;
				SWIFT_COMPILATION_MODE = wholemodule;
				SWIFT_OPTIMIZATION_LEVEL = "-O";
				VALIDATE_PRODUCT = YES;
			};
			name = Release;
		};
		F664EE8D24B2A0C1003C8667 /* Debug */ = {
			isa = XCBuildConfiguration;
			buildSettings = {
				ASSETCATALOG_COMPILER_APPICON_NAME = AppIcon;
				CODE_SIGN_STYLE = Automatic;
				DEVELOPMENT_ASSET_PATHS = "\"broken/Preview Content\"";
				DEVELOPMENT_TEAM = C6L3992RFB;
				ENABLE_PREVIEWS = YES;
				INFOPLIST_FILE = broken/Info.plist;
				LD_RUNPATH_SEARCH_PATHS = (
					"$(inherited)",
					"@executable_path/Frameworks",
				);
				PRODUCT_BUNDLE_IDENTIFIER = com.twodayslate.broken;
				PRODUCT_NAME = "$(TARGET_NAME)";
				SWIFT_VERSION = 5.0;
				TARGETED_DEVICE_FAMILY = "1,2";
			};
			name = Debug;
		};
		F664EE8E24B2A0C1003C8667 /* Release */ = {
			isa = XCBuildConfiguration;
			buildSettings = {
				ASSETCATALOG_COMPILER_APPICON_NAME = AppIcon;
				CODE_SIGN_STYLE = Automatic;
				DEVELOPMENT_ASSET_PATHS = "\"broken/Preview Content\"";
				DEVELOPMENT_TEAM = C6L3992RFB;
				ENABLE_PREVIEWS = YES;
				INFOPLIST_FILE = broken/Info.plist;
				LD_RUNPATH_SEARCH_PATHS = (
					"$(inherited)",
					"@executable_path/Frameworks",
				);
				PRODUCT_BUNDLE_IDENTIFIER = com.twodayslate.broken;
				PRODUCT_NAME = "$(TARGET_NAME)";
				SWIFT_VERSION = 5.0;
				TARGETED_DEVICE_FAMILY = "1,2";
			};
			name = Release;
		};
/* End XCBuildConfiguration section */

/* Begin XCConfigurationList section */
		F664EE7324B2A0BD003C8667 /* Build configuration list for PBXProject "broken" */ = {
			isa = XCConfigurationList;
			buildConfigurations = (
				F664EE8A24B2A0C1003C8667 /* Debug */,
				F664EE8B24B2A0C1003C8667 /* Release */,
			);
			defaultConfigurationIsVisible = 0;
			defaultConfigurationName = Release;
		};
		F664EE8C24B2A0C1003C8667 /* Build configuration list for PBXNativeTarget "broken" */ = {
			isa = XCConfigurationList;
			buildConfigurations = (
				F664EE8D24B2A0C1003C8667 /* Debug */,
				F664EE8E24B2A0C1003C8667 /* Release */,
			);
			defaultConfigurationIsVisible = 0;
			defaultConfigurationName = Release;
		};
/* End XCConfigurationList section */
	};
	rootObject = F664EE7024B2A0BD003C8667 /* Project object */;
}
